
Microsoft Visual Studio Solution File, Format Version 12.00
Project("{FAE04EC0-301F-11D3-BF4B-00C04F79EFBC}") = "SelectableGrid", "SelectableGrid\SelectableGrid.csproj", "{A419A7CE-062A-4F53-91F3-4B7E458022BD}"
EndProject
Project("{2150E333-8FDC-42A3-9474-1A3956D46DE8}") = "TreeDataGrid", "TreeDataGrid", "{60A49BE3-8104-406B-AB6B-0EFB505827AE}"
EndProject
Project("{FAE04EC0-301F-11D3-BF4B-00C04F79EFBC}") = "FlatTreeDataGrid", "FlatTreeDataGrid\FlatTreeDataGrid.csproj", "{EF5D0822-5B88-4078-86AD-38F52B95BF24}"
EndProject
Global
	GlobalSection(SolutionConfigurationPlatforms) = preSolution
		Debug|Any CPU = Debug|Any CPU
		Release|Any CPU = Release|Any CPU
	EndGlobalSection
	GlobalSection(ProjectConfigurationPlatforms) = postSolution
		{A419A7CE-062A-4F53-91F3-4B7E458022BD}.Debug|Any CPU.ActiveCfg = Debug|Any CPU
		{A419A7CE-062A-4F53-91F3-4B7E458022BD}.Debug|Any CPU.Build.0 = Debug|Any CPU
		{A419A7CE-062A-4F53-91F3-4B7E458022BD}.Release|Any CPU.ActiveCfg = Release|Any CPU
		{A419A7CE-062A-4F53-91F3-4B7E458022BD}.Release|Any CPU.Build.0 = Release|Any CPU
		{EF5D0822-5B88-4078-86AD-38F52B95BF24}.Debug|Any CPU.ActiveCfg = Debug|Any CPU
		{EF5D0822-5B88-4078-86AD-38F52B95BF24}.Debug|Any CPU.Build.0 = Debug|Any CPU
		{EF5D0822-5B88-4078-86AD-38F52B95BF24}.Release|Any CPU.ActiveCfg = Release|Any CPU
		{EF5D0822-5B88-4078-86AD-38F52B95BF24}.Release|Any CPU.Build.0 = Release|Any CPU
	EndGlobalSection
	GlobalSection(NestedProjects) = preSolution
		{EF5D0822-5B88-4078-86AD-38F52B95BF24} = {60A49BE3-8104-406B-AB6B-0EFB505827AE}
	EndGlobalSection
EndGlobal
